
Microsoft Visual Studio Solution File, Format Version 12.00
# Visual Studio Version 16
VisualStudioVersion = 16.0.30621.155
MinimumVisualStudioVersion = 10.0.40219.1
Project("{D954291E-2A0B-460D-934E-DC6B0785DB48}") = "WebViewNavigate.Shared", "WebViewNavigate\WebViewNavigate.Shared\WebViewNavigate.Shared.shproj", "{6279C845-92F8-4333-AB99-3D213163593C}"
EndProject
Project("{FAE04EC0-301F-11D3-BF4B-00C04F79EFBC}") = "WebViewNavigate.Droid", "WebViewNavigate\WebViewNavigate.Droid\WebViewNavigate.Droid.csproj", "{2512E30C-CDB7-4710-91D2-0EE7976CB21B}"
EndProject
Project("{FAE04EC0-301F-11D3-BF4B-00C04F79EFBC}") = "WebViewNavigate.iOS", "WebViewNavigate\WebViewNavigate.iOS\WebViewNavigate.iOS.csproj", "{C4B8979C-7919-488A-97CB-0535722B4A16}"
EndProject
Project("{FAE04EC0-301F-11D3-BF4B-00C04F79EFBC}") = "WebViewNavigate.UWP", "WebViewNavigate\WebViewNavigate.UWP\WebViewNavigate.UWP.csproj", "{0608693C-EC76-4CD2-B648-5CC860DDE5E1}"
EndProject
Project("{FAE04EC0-301F-11D3-BF4B-00C04F79EFBC}") = "WebViewNavigate.Wasm", "WebViewNavigate\WebViewNavigate.Wasm\WebViewNavigate.Wasm.csproj", "{F1A3A0C6-5BE6-4025-A378-C8785873A753}"
EndProject
Project("{FAE04EC0-301F-11D3-BF4B-00C04F79EFBC}") = "WebViewNavigate.macOS", "WebViewNavigate\WebViewNavigate.macOS\WebViewNavigate.macOS.csproj", "{DF140884-589F-4FF1-845A-83F777733278}"
EndProject
Project("{FAE04EC0-301F-11D3-BF4B-00C04F79EFBC}") = "WebViewNavigate.Skia.Wpf.Host", "WebViewNavigate\WebViewNavigate.Skia.Wpf.Host\WebViewNavigate.Skia.Wpf.Host.csproj", "{B9BCEA0A-323C-4704-82F0-7C5E1E9754F9}"
EndProject
Project("{FAE04EC0-301F-11D3-BF4B-00C04F79EFBC}") = "WebViewNavigate.Skia.Wpf", "WebViewNavigate\WebViewNavigate.Skia.Wpf\WebViewNavigate.Skia.Wpf.csproj", "{9D06CCCA-E937-4997-931B-1A1460E10F58}"
EndProject
Project("{FAE04EC0-301F-11D3-BF4B-00C04F79EFBC}") = "WebViewNavigate.Skia.Gtk", "WebViewNavigate\WebViewNavigate.Skia.Gtk\WebViewNavigate.Skia.Gtk.csproj", "{28C1A7A1-81B5-4F67-8587-D75FE0B817F9}"
EndProject
Project("{2150E333-8FDC-42A3-9474-1A3956D46DE8}") = "Platform Projects", "Platform Projects", "{DF62222A-22C6-4741-8043-847A7D2268DE}"
EndProject
Global
	GlobalSection(SharedMSBuildProjectFiles) = preSolution
		WebViewNavigate\WebViewNavigate.Shared\WebViewNavigate.Shared.projitems*{0608693c-ec76-4cd2-b648-5cc860dde5e1}*SharedItemsImports = 4
		WebViewNavigate\WebViewNavigate.Shared\WebViewNavigate.Shared.projitems*{2512e30c-cdb7-4710-91d2-0ee7976cb21b}*SharedItemsImports = 4
		WebViewNavigate\WebViewNavigate.Shared\WebViewNavigate.Shared.projitems*{28c1a7a1-81b5-4f67-8587-d75fe0b817f9}*SharedItemsImports = 5
		WebViewNavigate\WebViewNavigate.Shared\WebViewNavigate.Shared.projitems*{6279c845-92f8-4333-ab99-3d213163593c}*SharedItemsImports = 13
		WebViewNavigate\WebViewNavigate.Shared\WebViewNavigate.Shared.projitems*{9d06ccca-e937-4997-931b-1a1460e10f58}*SharedItemsImports = 5
		WebViewNavigate\WebViewNavigate.Shared\WebViewNavigate.Shared.projitems*{c4b8979c-7919-488a-97cb-0535722b4a16}*SharedItemsImports = 4
		WebViewNavigate\WebViewNavigate.Shared\WebViewNavigate.Shared.projitems*{df140884-589f-4ff1-845a-83f777733278}*SharedItemsImports = 4
		WebViewNavigate\WebViewNavigate.Shared\WebViewNavigate.Shared.projitems*{f1a3a0c6-5be6-4025-a378-c8785873a753}*SharedItemsImports = 5
	EndGlobalSection
	GlobalSection(SolutionConfigurationPlatforms) = preSolution
		Ad-Hoc|Any CPU = Ad-Hoc|Any CPU
		Ad-Hoc|ARM = Ad-Hoc|ARM
		Ad-Hoc|ARM64 = Ad-Hoc|ARM64
		Ad-Hoc|iPhone = Ad-Hoc|iPhone
		Ad-Hoc|iPhoneSimulator = Ad-Hoc|iPhoneSimulator
		Ad-Hoc|x64 = Ad-Hoc|x64
		Ad-Hoc|x86 = Ad-Hoc|x86
		AppStore|Any CPU = AppStore|Any CPU
		AppStore|ARM = AppStore|ARM
		AppStore|ARM64 = AppStore|ARM64
		AppStore|iPhone = AppStore|iPhone
		AppStore|iPhoneSimulator = AppStore|iPhoneSimulator
		AppStore|x64 = AppStore|x64
		AppStore|x86 = AppStore|x86
		Debug|Any CPU = Debug|Any CPU
		Debug|ARM = Debug|ARM
		Debug|ARM64 = Debug|ARM64
		Debug|iPhone = Debug|iPhone
		Debug|iPhoneSimulator = Debug|iPhoneSimulator
		Debug|x64 = Debug|x64
		Debug|x86 = Debug|x86
		Release|Any CPU = Release|Any CPU
		Release|ARM = Release|ARM
		Release|ARM64 = Release|ARM64
		Release|iPhone = Release|iPhone
		Release|iPhoneSimulator = Release|iPhoneSimulator
		Release|x64 = Release|x64
		Release|x86 = Release|x86
	EndGlobalSection
	GlobalSection(ProjectConfigurationPlatforms) = postSolution
		{2512E30C-CDB7-4710-91D2-0EE7976CB21B}.Ad-Hoc|Any CPU.ActiveCfg = Debug|Any CPU
		{2512E30C-CDB7-4710-91D2-0EE7976CB21B}.Ad-Hoc|Any CPU.Build.0 = Debug|Any CPU
		{2512E30C-CDB7-4710-91D2-0EE7976CB21B}.Ad-Hoc|Any CPU.Deploy.0 = Debug|Any CPU
		{2512E30C-CDB7-4710-91D2-0EE7976CB21B}.Ad-Hoc|ARM.ActiveCfg = Debug|Any CPU
		{2512E30C-CDB7-4710-91D2-0EE7976CB21B}.Ad-Hoc|ARM.Build.0 = Debug|Any CPU
		{2512E30C-CDB7-4710-91D2-0EE7976CB21B}.Ad-Hoc|ARM.Deploy.0 = Debug|Any CPU
		{2512E30C-CDB7-4710-91D2-0EE7976CB21B}.Ad-Hoc|ARM64.ActiveCfg = Debug|Any CPU
		{2512E30C-CDB7-4710-91D2-0EE7976CB21B}.Ad-Hoc|ARM64.Build.0 = Debug|Any CPU
		{2512E30C-CDB7-4710-91D2-0EE7976CB21B}.Ad-Hoc|ARM64.Deploy.0 = Debug|Any CPU
		{2512E30C-CDB7-4710-91D2-0EE7976CB21B}.Ad-Hoc|iPhone.ActiveCfg = Debug|Any CPU
		{2512E30C-CDB7-4710-91D2-0EE7976CB21B}.Ad-Hoc|iPhone.Build.0 = Debug|Any CPU
		{2512E30C-CDB7-4710-91D2-0EE7976CB21B}.Ad-Hoc|iPhone.Deploy.0 = Debug|Any CPU
		{2512E30C-CDB7-4710-91D2-0EE7976CB21B}.Ad-Hoc|iPhoneSimulator.ActiveCfg = Debug|Any CPU
		{2512E30C-CDB7-4710-91D2-0EE7976CB21B}.Ad-Hoc|iPhoneSimulator.Build.0 = Debug|Any CPU
		{2512E30C-CDB7-4710-91D2-0EE7976CB21B}.Ad-Hoc|iPhoneSimulator.Deploy.0 = Debug|Any CPU
		{2512E30C-CDB7-4710-91D2-0EE7976CB21B}.Ad-Hoc|x64.ActiveCfg = Debug|Any CPU
		{2512E30C-CDB7-4710-91D2-0EE7976CB21B}.Ad-Hoc|x64.Build.0 = Debug|Any CPU
		{2512E30C-CDB7-4710-91D2-0EE7976CB21B}.Ad-Hoc|x64.Deploy.0 = Debug|Any CPU
		{2512E30C-CDB7-4710-91D2-0EE7976CB21B}.Ad-Hoc|x86.ActiveCfg = Debug|Any CPU
		{2512E30C-CDB7-4710-91D2-0EE7976CB21B}.Ad-Hoc|x86.Build.0 = Debug|Any CPU
		{2512E30C-CDB7-4710-91D2-0EE7976CB21B}.Ad-Hoc|x86.Deploy.0 = Debug|Any CPU
		{2512E30C-CDB7-4710-91D2-0EE7976CB21B}.AppStore|Any CPU.ActiveCfg = Debug|Any CPU
		{2512E30C-CDB7-4710-91D2-0EE7976CB21B}.AppStore|Any CPU.Build.0 = Debug|Any CPU
		{2512E30C-CDB7-4710-91D2-0EE7976CB21B}.AppStore|Any CPU.Deploy.0 = Debug|Any CPU
		{2512E30C-CDB7-4710-91D2-0EE7976CB21B}.AppStore|ARM.ActiveCfg = Debug|Any CPU
		{2512E30C-CDB7-4710-91D2-0EE7976CB21B}.AppStore|ARM.Build.0 = Debug|Any CPU
		{2512E30C-CDB7-4710-91D2-0EE7976CB21B}.AppStore|ARM.Deploy.0 = Debug|Any CPU
		{2512E30C-CDB7-4710-91D2-0EE7976CB21B}.AppStore|ARM64.ActiveCfg = Debug|Any CPU
		{2512E30C-CDB7-4710-91D2-0EE7976CB21B}.AppStore|ARM64.Build.0 = Debug|Any CPU
		{2512E30C-CDB7-4710-91D2-0EE7976CB21B}.AppStore|ARM64.Deploy.0 = Debug|Any CPU
		{2512E30C-CDB7-4710-91D2-0EE7976CB21B}.AppStore|iPhone.ActiveCfg = Debug|Any CPU
		{2512E30C-CDB7-4710-91D2-0EE7976CB21B}.AppStore|iPhone.Build.0 = Debug|Any CPU
		{2512E30C-CDB7-4710-91D2-0EE7976CB21B}.AppStore|iPhone.Deploy.0 = Debug|Any CPU
		{2512E30C-CDB7-4710-91D2-0EE7976CB21B}.AppStore|iPhoneSimulator.ActiveCfg = Debug|Any CPU
		{2512E30C-CDB7-4710-91D2-0EE7976CB21B}.AppStore|iPhoneSimulator.Build.0 = Debug|Any CPU
		{2512E30C-CDB7-4710-91D2-0EE7976CB21B}.AppStore|iPhoneSimulator.Deploy.0 = Debug|Any CPU
		{2512E30C-CDB7-4710-91D2-0EE7976CB21B}.AppStore|x64.ActiveCfg = Debug|Any CPU
		{2512E30C-CDB7-4710-91D2-0EE7976CB21B}.AppStore|x64.Build.0 = Debug|Any CPU
		{2512E30C-CDB7-4710-91D2-0EE7976CB21B}.AppStore|x64.Deploy.0 = Debug|Any CPU
		{2512E30C-CDB7-4710-91D2-0EE7976CB21B}.AppStore|x86.ActiveCfg = Debug|Any CPU
		{2512E30C-CDB7-4710-91D2-0EE7976CB21B}.AppStore|x86.Build.0 = Debug|Any CPU
		{2512E30C-CDB7-4710-91D2-0EE7976CB21B}.AppStore|x86.Deploy.0 = Debug|Any CPU
		{2512E30C-CDB7-4710-91D2-0EE7976CB21B}.Debug|Any CPU.ActiveCfg = Debug|Any CPU
		{2512E30C-CDB7-4710-91D2-0EE7976CB21B}.Debug|Any CPU.Build.0 = Debug|Any CPU
		{2512E30C-CDB7-4710-91D2-0EE7976CB21B}.Debug|Any CPU.Deploy.0 = Debug|Any CPU
		{2512E30C-CDB7-4710-91D2-0EE7976CB21B}.Debug|ARM.ActiveCfg = Debug|Any CPU
		{2512E30C-CDB7-4710-91D2-0EE7976CB21B}.Debug|ARM.Build.0 = Debug|Any CPU
		{2512E30C-CDB7-4710-91D2-0EE7976CB21B}.Debug|ARM.Deploy.0 = Debug|Any CPU
		{2512E30C-CDB7-4710-91D2-0EE7976CB21B}.Debug|ARM64.ActiveCfg = Debug|Any CPU
		{2512E30C-CDB7-4710-91D2-0EE7976CB21B}.Debug|ARM64.Build.0 = Debug|Any CPU
		{2512E30C-CDB7-4710-91D2-0EE7976CB21B}.Debug|ARM64.Deploy.0 = Debug|Any CPU
		{2512E30C-CDB7-4710-91D2-0EE7976CB21B}.Debug|iPhone.ActiveCfg = Debug|Any CPU
		{2512E30C-CDB7-4710-91D2-0EE7976CB21B}.Debug|iPhone.Build.0 = Debug|Any CPU
		{2512E30C-CDB7-4710-91D2-0EE7976CB21B}.Debug|iPhone.Deploy.0 = Debug|Any CPU
		{2512E30C-CDB7-4710-91D2-0EE7976CB21B}.Debug|iPhoneSimulator.ActiveCfg = Debug|Any CPU
		{2512E30C-CDB7-4710-91D2-0EE7976CB21B}.Debug|iPhoneSimulator.Build.0 = Debug|Any CPU
		{2512E30C-CDB7-4710-91D2-0EE7976CB21B}.Debug|iPhoneSimulator.Deploy.0 = Debug|Any CPU
		{2512E30C-CDB7-4710-91D2-0EE7976CB21B}.Debug|x64.ActiveCfg = Debug|Any CPU
		{2512E30C-CDB7-4710-91D2-0EE7976CB21B}.Debug|x64.Build.0 = Debug|Any CPU
		{2512E30C-CDB7-4710-91D2-0EE7976CB21B}.Debug|x64.Deploy.0 = Debug|Any CPU
		{2512E30C-CDB7-4710-91D2-0EE7976CB21B}.Debug|x86.ActiveCfg = Debug|Any CPU
		{2512E30C-CDB7-4710-91D2-0EE7976CB21B}.Debug|x86.Build.0 = Debug|Any CPU
		{2512E30C-CDB7-4710-91D2-0EE7976CB21B}.Debug|x86.Deploy.0 = Debug|Any CPU
		{2512E30C-CDB7-4710-91D2-0EE7976CB21B}.Release|Any CPU.ActiveCfg = Release|Any CPU
		{2512E30C-CDB7-4710-91D2-0EE7976CB21B}.Release|Any CPU.Build.0 = Release|Any CPU
		{2512E30C-CDB7-4710-91D2-0EE7976CB21B}.Release|Any CPU.Deploy.0 = Release|Any CPU
		{2512E30C-CDB7-4710-91D2-0EE7976CB21B}.Release|ARM.ActiveCfg = Release|Any CPU
		{2512E30C-CDB7-4710-91D2-0EE7976CB21B}.Release|ARM.Build.0 = Release|Any CPU
		{2512E30C-CDB7-4710-91D2-0EE7976CB21B}.Release|ARM.Deploy.0 = Release|Any CPU
		{2512E30C-CDB7-4710-91D2-0EE7976CB21B}.Release|ARM64.ActiveCfg = Release|Any CPU
		{2512E30C-CDB7-4710-91D2-0EE7976CB21B}.Release|ARM64.Build.0 = Release|Any CPU
		{2512E30C-CDB7-4710-91D2-0EE7976CB21B}.Release|ARM64.Deploy.0 = Release|Any CPU
		{2512E30C-CDB7-4710-91D2-0EE7976CB21B}.Release|iPhone.ActiveCfg = Release|Any CPU
		{2512E30C-CDB7-4710-91D2-0EE7976CB21B}.Release|iPhone.Build.0 = Release|Any CPU
		{2512E30C-CDB7-4710-91D2-0EE7976CB21B}.Release|iPhone.Deploy.0 = Release|Any CPU
		{2512E30C-CDB7-4710-91D2-0EE7976CB21B}.Release|iPhoneSimulator.ActiveCfg = Release|Any CPU
		{2512E30C-CDB7-4710-91D2-0EE7976CB21B}.Release|iPhoneSimulator.Build.0 = Release|Any CPU
		{2512E30C-CDB7-4710-91D2-0EE7976CB21B}.Release|iPhoneSimulator.Deploy.0 = Release|Any CPU
		{2512E30C-CDB7-4710-91D2-0EE7976CB21B}.Release|x64.ActiveCfg = Release|Any CPU
		{2512E30C-CDB7-4710-91D2-0EE7976CB21B}.Release|x64.Build.0 = Release|Any CPU
		{2512E30C-CDB7-4710-91D2-0EE7976CB21B}.Release|x64.Deploy.0 = Release|Any CPU
		{2512E30C-CDB7-4710-91D2-0EE7976CB21B}.Release|x86.ActiveCfg = Release|Any CPU
		{2512E30C-CDB7-4710-91D2-0EE7976CB21B}.Release|x86.Build.0 = Release|Any CPU
		{2512E30C-CDB7-4710-91D2-0EE7976CB21B}.Release|x86.Deploy.0 = Release|Any CPU
		{C4B8979C-7919-488A-97CB-0535722B4A16}.Ad-Hoc|Any CPU.ActiveCfg = Ad-Hoc|iPhoneSimulator
		{C4B8979C-7919-488A-97CB-0535722B4A16}.Ad-Hoc|ARM.ActiveCfg = Ad-Hoc|iPhoneSimulator
		{C4B8979C-7919-488A-97CB-0535722B4A16}.Ad-Hoc|ARM64.ActiveCfg = Ad-Hoc|iPhoneSimulator
		{C4B8979C-7919-488A-97CB-0535722B4A16}.Ad-Hoc|iPhone.ActiveCfg = Ad-Hoc|iPhone
		{C4B8979C-7919-488A-97CB-0535722B4A16}.Ad-Hoc|iPhone.Build.0 = Ad-Hoc|iPhone
		{C4B8979C-7919-488A-97CB-0535722B4A16}.Ad-Hoc|iPhoneSimulator.ActiveCfg = Ad-Hoc|iPhoneSimulator
		{C4B8979C-7919-488A-97CB-0535722B4A16}.Ad-Hoc|iPhoneSimulator.Build.0 = Ad-Hoc|iPhoneSimulator
		{C4B8979C-7919-488A-97CB-0535722B4A16}.Ad-Hoc|x64.ActiveCfg = Ad-Hoc|iPhoneSimulator
		{C4B8979C-7919-488A-97CB-0535722B4A16}.Ad-Hoc|x86.ActiveCfg = Ad-Hoc|iPhoneSimulator
		{C4B8979C-7919-488A-97CB-0535722B4A16}.AppStore|Any CPU.ActiveCfg = AppStore|iPhoneSimulator
		{C4B8979C-7919-488A-97CB-0535722B4A16}.AppStore|ARM.ActiveCfg = AppStore|iPhoneSimulator
		{C4B8979C-7919-488A-97CB-0535722B4A16}.AppStore|ARM64.ActiveCfg = AppStore|iPhoneSimulator
		{C4B8979C-7919-488A-97CB-0535722B4A16}.AppStore|iPhone.ActiveCfg = AppStore|iPhone
		{C4B8979C-7919-488A-97CB-0535722B4A16}.AppStore|iPhone.Build.0 = AppStore|iPhone
		{C4B8979C-7919-488A-97CB-0535722B4A16}.AppStore|iPhoneSimulator.ActiveCfg = AppStore|iPhoneSimulator
		{C4B8979C-7919-488A-97CB-0535722B4A16}.AppStore|iPhoneSimulator.Build.0 = AppStore|iPhoneSimulator
		{C4B8979C-7919-488A-97CB-0535722B4A16}.AppStore|x64.ActiveCfg = AppStore|iPhoneSimulator
		{C4B8979C-7919-488A-97CB-0535722B4A16}.AppStore|x86.ActiveCfg = AppStore|iPhoneSimulator
		{C4B8979C-7919-488A-97CB-0535722B4A16}.Debug|Any CPU.ActiveCfg = Debug|iPhoneSimulator
		{C4B8979C-7919-488A-97CB-0535722B4A16}.Debug|ARM.ActiveCfg = Debug|iPhoneSimulator
		{C4B8979C-7919-488A-97CB-0535722B4A16}.Debug|ARM64.ActiveCfg = Debug|iPhoneSimulator
		{C4B8979C-7919-488A-97CB-0535722B4A16}.Debug|iPhone.ActiveCfg = Debug|iPhone
		{C4B8979C-7919-488A-97CB-0535722B4A16}.Debug|iPhone.Build.0 = Debug|iPhone
		{C4B8979C-7919-488A-97CB-0535722B4A16}.Debug|iPhoneSimulator.ActiveCfg = Debug|iPhoneSimulator
		{C4B8979C-7919-488A-97CB-0535722B4A16}.Debug|iPhoneSimulator.Build.0 = Debug|iPhoneSimulator
		{C4B8979C-7919-488A-97CB-0535722B4A16}.Debug|x64.ActiveCfg = Debug|iPhoneSimulator
		{C4B8979C-7919-488A-97CB-0535722B4A16}.Debug|x86.ActiveCfg = Debug|iPhoneSimulator
		{C4B8979C-7919-488A-97CB-0535722B4A16}.Release|Any CPU.ActiveCfg = Release|iPhoneSimulator
		{C4B8979C-7919-488A-97CB-0535722B4A16}.Release|ARM.ActiveCfg = Release|iPhoneSimulator
		{C4B8979C-7919-488A-97CB-0535722B4A16}.Release|ARM64.ActiveCfg = Release|iPhoneSimulator
		{C4B8979C-7919-488A-97CB-0535722B4A16}.Release|iPhone.ActiveCfg = Release|iPhone
		{C4B8979C-7919-488A-97CB-0535722B4A16}.Release|iPhone.Build.0 = Release|iPhone
		{C4B8979C-7919-488A-97CB-0535722B4A16}.Release|iPhoneSimulator.ActiveCfg = Release|iPhoneSimulator
		{C4B8979C-7919-488A-97CB-0535722B4A16}.Release|iPhoneSimulator.Build.0 = Release|iPhoneSimulator
		{C4B8979C-7919-488A-97CB-0535722B4A16}.Release|x64.ActiveCfg = Release|iPhoneSimulator
		{C4B8979C-7919-488A-97CB-0535722B4A16}.Release|x86.ActiveCfg = Release|iPhoneSimulator
		{0608693C-EC76-4CD2-B648-5CC860DDE5E1}.Ad-Hoc|Any CPU.ActiveCfg = Debug|x86
		{0608693C-EC76-4CD2-B648-5CC860DDE5E1}.Ad-Hoc|Any CPU.Build.0 = Debug|x86
		{0608693C-EC76-4CD2-B648-5CC860DDE5E1}.Ad-Hoc|Any CPU.Deploy.0 = Debug|x86
		{0608693C-EC76-4CD2-B648-5CC860DDE5E1}.Ad-Hoc|ARM.ActiveCfg = Debug|ARM
		{0608693C-EC76-4CD2-B648-5CC860DDE5E1}.Ad-Hoc|ARM.Build.0 = Debug|ARM
		{0608693C-EC76-4CD2-B648-5CC860DDE5E1}.Ad-Hoc|ARM.Deploy.0 = Debug|ARM
		{0608693C-EC76-4CD2-B648-5CC860DDE5E1}.Ad-Hoc|ARM64.ActiveCfg = Debug|ARM64
		{0608693C-EC76-4CD2-B648-5CC860DDE5E1}.Ad-Hoc|ARM64.Build.0 = Debug|ARM64
		{0608693C-EC76-4CD2-B648-5CC860DDE5E1}.Ad-Hoc|ARM64.Deploy.0 = Debug|ARM64
		{0608693C-EC76-4CD2-B648-5CC860DDE5E1}.Ad-Hoc|iPhone.ActiveCfg = Debug|x86
		{0608693C-EC76-4CD2-B648-5CC860DDE5E1}.Ad-Hoc|iPhone.Build.0 = Debug|x86
		{0608693C-EC76-4CD2-B648-5CC860DDE5E1}.Ad-Hoc|iPhone.Deploy.0 = Debug|x86
		{0608693C-EC76-4CD2-B648-5CC860DDE5E1}.Ad-Hoc|iPhoneSimulator.ActiveCfg = Debug|x86
		{0608693C-EC76-4CD2-B648-5CC860DDE5E1}.Ad-Hoc|iPhoneSimulator.Build.0 = Debug|x86
		{0608693C-EC76-4CD2-B648-5CC860DDE5E1}.Ad-Hoc|iPhoneSimulator.Deploy.0 = Debug|x86
		{0608693C-EC76-4CD2-B648-5CC860DDE5E1}.Ad-Hoc|x64.ActiveCfg = Debug|x64
		{0608693C-EC76-4CD2-B648-5CC860DDE5E1}.Ad-Hoc|x64.Build.0 = Debug|x64
		{0608693C-EC76-4CD2-B648-5CC860DDE5E1}.Ad-Hoc|x64.Deploy.0 = Debug|x64
		{0608693C-EC76-4CD2-B648-5CC860DDE5E1}.Ad-Hoc|x86.ActiveCfg = Debug|x86
		{0608693C-EC76-4CD2-B648-5CC860DDE5E1}.Ad-Hoc|x86.Build.0 = Debug|x86
		{0608693C-EC76-4CD2-B648-5CC860DDE5E1}.Ad-Hoc|x86.Deploy.0 = Debug|x86
		{0608693C-EC76-4CD2-B648-5CC860DDE5E1}.AppStore|Any CPU.ActiveCfg = Debug|x86
		{0608693C-EC76-4CD2-B648-5CC860DDE5E1}.AppStore|Any CPU.Build.0 = Debug|x86
		{0608693C-EC76-4CD2-B648-5CC860DDE5E1}.AppStore|Any CPU.Deploy.0 = Debug|x86
		{0608693C-EC76-4CD2-B648-5CC860DDE5E1}.AppStore|ARM.ActiveCfg = Debug|ARM
		{0608693C-EC76-4CD2-B648-5CC860DDE5E1}.AppStore|ARM.Build.0 = Debug|ARM
		{0608693C-EC76-4CD2-B648-5CC860DDE5E1}.AppStore|ARM.Deploy.0 = Debug|ARM
		{0608693C-EC76-4CD2-B648-5CC860DDE5E1}.AppStore|ARM64.ActiveCfg = Debug|ARM64
		{0608693C-EC76-4CD2-B648-5CC860DDE5E1}.AppStore|ARM64.Build.0 = Debug|ARM64
		{0608693C-EC76-4CD2-B648-5CC860DDE5E1}.AppStore|ARM64.Deploy.0 = Debug|ARM64
		{0608693C-EC76-4CD2-B648-5CC860DDE5E1}.AppStore|iPhone.ActiveCfg = Debug|x86
		{0608693C-EC76-4CD2-B648-5CC860DDE5E1}.AppStore|iPhone.Build.0 = Debug|x86
		{0608693C-EC76-4CD2-B648-5CC860DDE5E1}.AppStore|iPhone.Deploy.0 = Debug|x86
		{0608693C-EC76-4CD2-B648-5CC860DDE5E1}.AppStore|iPhoneSimulator.ActiveCfg = Debug|x86
		{0608693C-EC76-4CD2-B648-5CC860DDE5E1}.AppStore|iPhoneSimulator.Build.0 = Debug|x86
		{0608693C-EC76-4CD2-B648-5CC860DDE5E1}.AppStore|iPhoneSimulator.Deploy.0 = Debug|x86
		{0608693C-EC76-4CD2-B648-5CC860DDE5E1}.AppStore|x64.ActiveCfg = Debug|x64
		{0608693C-EC76-4CD2-B648-5CC860DDE5E1}.AppStore|x64.Build.0 = Debug|x64
		{0608693C-EC76-4CD2-B648-5CC860DDE5E1}.AppStore|x64.Deploy.0 = Debug|x64
		{0608693C-EC76-4CD2-B648-5CC860DDE5E1}.AppStore|x86.ActiveCfg = Debug|x86
		{0608693C-EC76-4CD2-B648-5CC860DDE5E1}.AppStore|x86.Build.0 = Debug|x86
		{0608693C-EC76-4CD2-B648-5CC860DDE5E1}.AppStore|x86.Deploy.0 = Debug|x86
		{0608693C-EC76-4CD2-B648-5CC860DDE5E1}.Debug|Any CPU.ActiveCfg = Debug|x86
		{0608693C-EC76-4CD2-B648-5CC860DDE5E1}.Debug|ARM.ActiveCfg = Debug|ARM
		{0608693C-EC76-4CD2-B648-5CC860DDE5E1}.Debug|ARM.Build.0 = Debug|ARM
		{0608693C-EC76-4CD2-B648-5CC860DDE5E1}.Debug|ARM.Deploy.0 = Debug|ARM
		{0608693C-EC76-4CD2-B648-5CC860DDE5E1}.Debug|ARM64.ActiveCfg = Debug|ARM64
		{0608693C-EC76-4CD2-B648-5CC860DDE5E1}.Debug|ARM64.Build.0 = Debug|ARM64
		{0608693C-EC76-4CD2-B648-5CC860DDE5E1}.Debug|ARM64.Deploy.0 = Debug|ARM64
		{0608693C-EC76-4CD2-B648-5CC860DDE5E1}.Debug|iPhone.ActiveCfg = Debug|x86
		{0608693C-EC76-4CD2-B648-5CC860DDE5E1}.Debug|iPhoneSimulator.ActiveCfg = Debug|x86
		{0608693C-EC76-4CD2-B648-5CC860DDE5E1}.Debug|x64.ActiveCfg = Debug|x64
		{0608693C-EC76-4CD2-B648-5CC860DDE5E1}.Debug|x64.Build.0 = Debug|x64
		{0608693C-EC76-4CD2-B648-5CC860DDE5E1}.Debug|x64.Deploy.0 = Debug|x64
		{0608693C-EC76-4CD2-B648-5CC860DDE5E1}.Debug|x86.ActiveCfg = Debug|x86
		{0608693C-EC76-4CD2-B648-5CC860DDE5E1}.Debug|x86.Build.0 = Debug|x86
		{0608693C-EC76-4CD2-B648-5CC860DDE5E1}.Debug|x86.Deploy.0 = Debug|x86
		{0608693C-EC76-4CD2-B648-5CC860DDE5E1}.Release|Any CPU.ActiveCfg = Release|x86
		{0608693C-EC76-4CD2-B648-5CC860DDE5E1}.Release|ARM.ActiveCfg = Release|ARM
		{0608693C-EC76-4CD2-B648-5CC860DDE5E1}.Release|ARM.Build.0 = Release|ARM
		{0608693C-EC76-4CD2-B648-5CC860DDE5E1}.Release|ARM.Deploy.0 = Release|ARM
		{0608693C-EC76-4CD2-B648-5CC860DDE5E1}.Release|ARM64.ActiveCfg = Release|ARM64
		{0608693C-EC76-4CD2-B648-5CC860DDE5E1}.Release|ARM64.Build.0 = Release|ARM64
		{0608693C-EC76-4CD2-B648-5CC860DDE5E1}.Release|ARM64.Deploy.0 = Release|ARM64
		{0608693C-EC76-4CD2-B648-5CC860DDE5E1}.Release|iPhone.ActiveCfg = Release|x86
		{0608693C-EC76-4CD2-B648-5CC860DDE5E1}.Release|iPhoneSimulator.ActiveCfg = Release|x86
		{0608693C-EC76-4CD2-B648-5CC860DDE5E1}.Release|x64.ActiveCfg = Release|x64
		{0608693C-EC76-4CD2-B648-5CC860DDE5E1}.Release|x64.Build.0 = Release|x64
		{0608693C-EC76-4CD2-B648-5CC860DDE5E1}.Release|x64.Deploy.0 = Release|x64
		{0608693C-EC76-4CD2-B648-5CC860DDE5E1}.Release|x86.ActiveCfg = Release|x86
		{0608693C-EC76-4CD2-B648-5CC860DDE5E1}.Release|x86.Build.0 = Release|x86
		{0608693C-EC76-4CD2-B648-5CC860DDE5E1}.Release|x86.Deploy.0 = Release|x86
		{F1A3A0C6-5BE6-4025-A378-C8785873A753}.Ad-Hoc|Any CPU.ActiveCfg = Release|Any CPU
		{F1A3A0C6-5BE6-4025-A378-C8785873A753}.Ad-Hoc|Any CPU.Build.0 = Release|Any CPU
		{F1A3A0C6-5BE6-4025-A378-C8785873A753}.Ad-Hoc|ARM.ActiveCfg = Release|Any CPU
		{F1A3A0C6-5BE6-4025-A378-C8785873A753}.Ad-Hoc|ARM.Build.0 = Release|Any CPU
		{F1A3A0C6-5BE6-4025-A378-C8785873A753}.Ad-Hoc|ARM64.ActiveCfg = Release|Any CPU
		{F1A3A0C6-5BE6-4025-A378-C8785873A753}.Ad-Hoc|ARM64.Build.0 = Release|Any CPU
		{F1A3A0C6-5BE6-4025-A378-C8785873A753}.Ad-Hoc|iPhone.ActiveCfg = Release|Any CPU
		{F1A3A0C6-5BE6-4025-A378-C8785873A753}.Ad-Hoc|iPhone.Build.0 = Release|Any CPU
		{F1A3A0C6-5BE6-4025-A378-C8785873A753}.Ad-Hoc|iPhoneSimulator.ActiveCfg = Release|Any CPU
		{F1A3A0C6-5BE6-4025-A378-C8785873A753}.Ad-Hoc|iPhoneSimulator.Build.0 = Release|Any CPU
		{F1A3A0C6-5BE6-4025-A378-C8785873A753}.Ad-Hoc|x64.ActiveCfg = Release|Any CPU
		{F1A3A0C6-5BE6-4025-A378-C8785873A753}.Ad-Hoc|x64.Build.0 = Release|Any CPU
		{F1A3A0C6-5BE6-4025-A378-C8785873A753}.Ad-Hoc|x86.ActiveCfg = Release|Any CPU
		{F1A3A0C6-5BE6-4025-A378-C8785873A753}.Ad-Hoc|x86.Build.0 = Release|Any CPU
		{F1A3A0C6-5BE6-4025-A378-C8785873A753}.AppStore|Any CPU.ActiveCfg = Release|Any CPU
		{F1A3A0C6-5BE6-4025-A378-C8785873A753}.AppStore|Any CPU.Build.0 = Release|Any CPU
		{F1A3A0C6-5BE6-4025-A378-C8785873A753}.AppStore|ARM.ActiveCfg = Release|Any CPU
		{F1A3A0C6-5BE6-4025-A378-C8785873A753}.AppStore|ARM.Build.0 = Release|Any CPU
		{F1A3A0C6-5BE6-4025-A378-C8785873A753}.AppStore|ARM64.ActiveCfg = Release|Any CPU
		{F1A3A0C6-5BE6-4025-A378-C8785873A753}.AppStore|ARM64.Build.0 = Release|Any CPU
		{F1A3A0C6-5BE6-4025-A378-C8785873A753}.AppStore|iPhone.ActiveCfg = Release|Any CPU
		{F1A3A0C6-5BE6-4025-A378-C8785873A753}.AppStore|iPhone.Build.0 = Release|Any CPU
		{F1A3A0C6-5BE6-4025-A378-C8785873A753}.AppStore|iPhoneSimulator.ActiveCfg = Release|Any CPU
		{F1A3A0C6-5BE6-4025-A378-C8785873A753}.AppStore|iPhoneSimulator.Build.0 = Release|Any CPU
		{F1A3A0C6-5BE6-4025-A378-C8785873A753}.AppStore|x64.ActiveCfg = Release|Any CPU
		{F1A3A0C6-5BE6-4025-A378-C8785873A753}.AppStore|x64.Build.0 = Release|Any CPU
		{F1A3A0C6-5BE6-4025-A378-C8785873A753}.AppStore|x86.ActiveCfg = Release|Any CPU
		{F1A3A0C6-5BE6-4025-A378-C8785873A753}.AppStore|x86.Build.0 = Release|Any CPU
		{F1A3A0C6-5BE6-4025-A378-C8785873A753}.Debug|Any CPU.ActiveCfg = Debug|Any CPU
		{F1A3A0C6-5BE6-4025-A378-C8785873A753}.Debug|Any CPU.Build.0 = Debug|Any CPU
		{F1A3A0C6-5BE6-4025-A378-C8785873A753}.Debug|ARM.ActiveCfg = Debug|Any CPU
		{F1A3A0C6-5BE6-4025-A378-C8785873A753}.Debug|ARM.Build.0 = Debug|Any CPU
		{F1A3A0C6-5BE6-4025-A378-C8785873A753}.Debug|ARM64.ActiveCfg = Debug|Any CPU
		{F1A3A0C6-5BE6-4025-A378-C8785873A753}.Debug|ARM64.Build.0 = Debug|Any CPU
		{F1A3A0C6-5BE6-4025-A378-C8785873A753}.Debug|iPhone.ActiveCfg = Debug|Any CPU
		{F1A3A0C6-5BE6-4025-A378-C8785873A753}.Debug|iPhone.Build.0 = Debug|Any CPU
		{F1A3A0C6-5BE6-4025-A378-C8785873A753}.Debug|iPhoneSimulator.ActiveCfg = Debug|Any CPU
		{F1A3A0C6-5BE6-4025-A378-C8785873A753}.Debug|iPhoneSimulator.Build.0 = Debug|Any CPU
		{F1A3A0C6-5BE6-4025-A378-C8785873A753}.Debug|x64.ActiveCfg = Debug|Any CPU
		{F1A3A0C6-5BE6-4025-A378-C8785873A753}.Debug|x64.Build.0 = Debug|Any CPU
		{F1A3A0C6-5BE6-4025-A378-C8785873A753}.Debug|x86.ActiveCfg = Debug|Any CPU
		{F1A3A0C6-5BE6-4025-A378-C8785873A753}.Debug|x86.Build.0 = Debug|Any CPU
		{F1A3A0C6-5BE6-4025-A378-C8785873A753}.Release|Any CPU.ActiveCfg = Release|Any CPU
		{F1A3A0C6-5BE6-4025-A378-C8785873A753}.Release|Any CPU.Build.0 = Release|Any CPU
		{F1A3A0C6-5BE6-4025-A378-C8785873A753}.Release|ARM.ActiveCfg = Release|Any CPU
		{F1A3A0C6-5BE6-4025-A378-C8785873A753}.Release|ARM.Build.0 = Release|Any CPU
		{F1A3A0C6-5BE6-4025-A378-C8785873A753}.Release|ARM64.ActiveCfg = Release|Any CPU
		{F1A3A0C6-5BE6-4025-A378-C8785873A753}.Release|ARM64.Build.0 = Release|Any CPU
		{F1A3A0C6-5BE6-4025-A378-C8785873A753}.Release|iPhone.ActiveCfg = Release|Any CPU
		{F1A3A0C6-5BE6-4025-A378-C8785873A753}.Release|iPhone.Build.0 = Release|Any CPU
		{F1A3A0C6-5BE6-4025-A378-C8785873A753}.Release|iPhoneSimulator.ActiveCfg = Release|Any CPU
		{F1A3A0C6-5BE6-4025-A378-C8785873A753}.Release|iPhoneSimulator.Build.0 = Release|Any CPU
		{F1A3A0C6-5BE6-4025-A378-C8785873A753}.Release|x64.ActiveCfg = Release|Any CPU
		{F1A3A0C6-5BE6-4025-A378-C8785873A753}.Release|x64.Build.0 = Release|Any CPU
		{F1A3A0C6-5BE6-4025-A378-C8785873A753}.Release|x86.ActiveCfg = Release|Any CPU
		{F1A3A0C6-5BE6-4025-A378-C8785873A753}.Release|x86.Build.0 = Release|Any CPU
		{DF140884-589F-4FF1-845A-83F777733278}.Ad-Hoc|Any CPU.ActiveCfg = Debug|iPhoneSimulator
		{DF140884-589F-4FF1-845A-83F777733278}.Ad-Hoc|Any CPU.Build.0 = Debug|iPhoneSimulator
		{DF140884-589F-4FF1-845A-83F777733278}.Ad-Hoc|ARM.ActiveCfg = Debug|iPhoneSimulator
		{DF140884-589F-4FF1-845A-83F777733278}.Ad-Hoc|ARM.Build.0 = Debug|iPhoneSimulator
		{DF140884-589F-4FF1-845A-83F777733278}.Ad-Hoc|ARM64.ActiveCfg = Debug|iPhoneSimulator
		{DF140884-589F-4FF1-845A-83F777733278}.Ad-Hoc|ARM64.Build.0 = Debug|iPhoneSimulator
		{DF140884-589F-4FF1-845A-83F777733278}.Ad-Hoc|iPhone.ActiveCfg = Debug|iPhoneSimulator
		{DF140884-589F-4FF1-845A-83F777733278}.Ad-Hoc|iPhone.Build.0 = Debug|iPhoneSimulator
		{DF140884-589F-4FF1-845A-83F777733278}.Ad-Hoc|iPhoneSimulator.ActiveCfg = Debug|iPhoneSimulator
		{DF140884-589F-4FF1-845A-83F777733278}.Ad-Hoc|iPhoneSimulator.Build.0 = Debug|iPhoneSimulator
		{DF140884-589F-4FF1-845A-83F777733278}.Ad-Hoc|x64.ActiveCfg = Debug|iPhoneSimulator
		{DF140884-589F-4FF1-845A-83F777733278}.Ad-Hoc|x64.Build.0 = Debug|iPhoneSimulator
		{DF140884-589F-4FF1-845A-83F777733278}.Ad-Hoc|x86.ActiveCfg = Debug|iPhoneSimulator
		{DF140884-589F-4FF1-845A-83F777733278}.Ad-Hoc|x86.Build.0 = Debug|iPhoneSimulator
		{DF140884-589F-4FF1-845A-83F777733278}.AppStore|Any CPU.ActiveCfg = Debug|iPhoneSimulator
		{DF140884-589F-4FF1-845A-83F777733278}.AppStore|Any CPU.Build.0 = Debug|iPhoneSimulator
		{DF140884-589F-4FF1-845A-83F777733278}.AppStore|ARM.ActiveCfg = Debug|iPhoneSimulator
		{DF140884-589F-4FF1-845A-83F777733278}.AppStore|ARM.Build.0 = Debug|iPhoneSimulator
		{DF140884-589F-4FF1-845A-83F777733278}.AppStore|ARM64.ActiveCfg = Debug|iPhoneSimulator
		{DF140884-589F-4FF1-845A-83F777733278}.AppStore|ARM64.Build.0 = Debug|iPhoneSimulator
		{DF140884-589F-4FF1-845A-83F777733278}.AppStore|iPhone.ActiveCfg = Debug|iPhoneSimulator
		{DF140884-589F-4FF1-845A-83F777733278}.AppStore|iPhone.Build.0 = Debug|iPhoneSimulator
		{DF140884-589F-4FF1-845A-83F777733278}.AppStore|iPhoneSimulator.ActiveCfg = Debug|iPhoneSimulator
		{DF140884-589F-4FF1-845A-83F777733278}.AppStore|iPhoneSimulator.Build.0 = Debug|iPhoneSimulator
		{DF140884-589F-4FF1-845A-83F777733278}.AppStore|x64.ActiveCfg = Debug|iPhoneSimulator
		{DF140884-589F-4FF1-845A-83F777733278}.AppStore|x64.Build.0 = Debug|iPhoneSimulator
		{DF140884-589F-4FF1-845A-83F777733278}.AppStore|x86.ActiveCfg = Debug|iPhoneSimulator
		{DF140884-589F-4FF1-845A-83F777733278}.AppStore|x86.Build.0 = Debug|iPhoneSimulator
		{DF140884-589F-4FF1-845A-83F777733278}.Debug|Any CPU.ActiveCfg = Debug|iPhoneSimulator
		{DF140884-589F-4FF1-845A-83F777733278}.Debug|ARM.ActiveCfg = Debug|iPhoneSimulator
		{DF140884-589F-4FF1-845A-83F777733278}.Debug|ARM64.ActiveCfg = Debug|iPhoneSimulator
		{DF140884-589F-4FF1-845A-83F777733278}.Debug|iPhone.ActiveCfg = Debug|iPhoneSimulator
		{DF140884-589F-4FF1-845A-83F777733278}.Debug|iPhoneSimulator.ActiveCfg = Debug|iPhoneSimulator
		{DF140884-589F-4FF1-845A-83F777733278}.Debug|iPhoneSimulator.Build.0 = Debug|iPhoneSimulator
		{DF140884-589F-4FF1-845A-83F777733278}.Debug|x64.ActiveCfg = Debug|iPhoneSimulator
		{DF140884-589F-4FF1-845A-83F777733278}.Debug|x86.ActiveCfg = Debug|iPhoneSimulator
		{DF140884-589F-4FF1-845A-83F777733278}.Release|Any CPU.ActiveCfg = Release|iPhoneSimulator
		{DF140884-589F-4FF1-845A-83F777733278}.Release|ARM.ActiveCfg = Release|iPhoneSimulator
		{DF140884-589F-4FF1-845A-83F777733278}.Release|ARM64.ActiveCfg = Release|iPhoneSimulator
		{DF140884-589F-4FF1-845A-83F777733278}.Release|iPhone.ActiveCfg = Release|iPhoneSimulator
		{DF140884-589F-4FF1-845A-83F777733278}.Release|iPhoneSimulator.ActiveCfg = Release|iPhoneSimulator
		{DF140884-589F-4FF1-845A-83F777733278}.Release|iPhoneSimulator.Build.0 = Release|iPhoneSimulator
		{DF140884-589F-4FF1-845A-83F777733278}.Release|x64.ActiveCfg = Release|iPhoneSimulator
		{DF140884-589F-4FF1-845A-83F777733278}.Release|x86.ActiveCfg = Release|iPhoneSimulator
		{B9BCEA0A-323C-4704-82F0-7C5E1E9754F9}.Ad-Hoc|Any CPU.ActiveCfg = Release|Any CPU
		{B9BCEA0A-323C-4704-82F0-7C5E1E9754F9}.Ad-Hoc|Any CPU.Build.0 = Release|Any CPU
		{B9BCEA0A-323C-4704-82F0-7C5E1E9754F9}.Ad-Hoc|ARM.ActiveCfg = Release|Any CPU
		{B9BCEA0A-323C-4704-82F0-7C5E1E9754F9}.Ad-Hoc|ARM.Build.0 = Release|Any CPU
		{B9BCEA0A-323C-4704-82F0-7C5E1E9754F9}.Ad-Hoc|ARM64.ActiveCfg = Release|Any CPU
		{B9BCEA0A-323C-4704-82F0-7C5E1E9754F9}.Ad-Hoc|ARM64.Build.0 = Release|Any CPU
		{B9BCEA0A-323C-4704-82F0-7C5E1E9754F9}.Ad-Hoc|iPhone.ActiveCfg = Release|Any CPU
		{B9BCEA0A-323C-4704-82F0-7C5E1E9754F9}.Ad-Hoc|iPhone.Build.0 = Release|Any CPU
		{B9BCEA0A-323C-4704-82F0-7C5E1E9754F9}.Ad-Hoc|iPhoneSimulator.ActiveCfg = Release|Any CPU
		{B9BCEA0A-323C-4704-82F0-7C5E1E9754F9}.Ad-Hoc|iPhoneSimulator.Build.0 = Release|Any CPU
		{B9BCEA0A-323C-4704-82F0-7C5E1E9754F9}.Ad-Hoc|x64.ActiveCfg = Release|Any CPU
		{B9BCEA0A-323C-4704-82F0-7C5E1E9754F9}.Ad-Hoc|x64.Build.0 = Release|Any CPU
		{B9BCEA0A-323C-4704-82F0-7C5E1E9754F9}.Ad-Hoc|x86.ActiveCfg = Release|Any CPU
		{B9BCEA0A-323C-4704-82F0-7C5E1E9754F9}.Ad-Hoc|x86.Build.0 = Release|Any CPU
		{B9BCEA0A-323C-4704-82F0-7C5E1E9754F9}.AppStore|Any CPU.ActiveCfg = Release|Any CPU
		{B9BCEA0A-323C-4704-82F0-7C5E1E9754F9}.AppStore|Any CPU.Build.0 = Release|Any CPU
		{B9BCEA0A-323C-4704-82F0-7C5E1E9754F9}.AppStore|ARM.ActiveCfg = Release|Any CPU
		{B9BCEA0A-323C-4704-82F0-7C5E1E9754F9}.AppStore|ARM.Build.0 = Release|Any CPU
		{B9BCEA0A-323C-4704-82F0-7C5E1E9754F9}.AppStore|ARM64.ActiveCfg = Release|Any CPU
		{B9BCEA0A-323C-4704-82F0-7C5E1E9754F9}.AppStore|ARM64.Build.0 = Release|Any CPU
		{B9BCEA0A-323C-4704-82F0-7C5E1E9754F9}.AppStore|iPhone.ActiveCfg = Release|Any CPU
		{B9BCEA0A-323C-4704-82F0-7C5E1E9754F9}.AppStore|iPhone.Build.0 = Release|Any CPU
		{B9BCEA0A-323C-4704-82F0-7C5E1E9754F9}.AppStore|iPhoneSimulator.ActiveCfg = Release|Any CPU
		{B9BCEA0A-323C-4704-82F0-7C5E1E9754F9}.AppStore|iPhoneSimulator.Build.0 = Release|Any CPU
		{B9BCEA0A-323C-4704-82F0-7C5E1E9754F9}.AppStore|x64.ActiveCfg = Release|Any CPU
		{B9BCEA0A-323C-4704-82F0-7C5E1E9754F9}.AppStore|x64.Build.0 = Release|Any CPU
		{B9BCEA0A-323C-4704-82F0-7C5E1E9754F9}.AppStore|x86.ActiveCfg = Release|Any CPU
		{B9BCEA0A-323C-4704-82F0-7C5E1E9754F9}.AppStore|x86.Build.0 = Release|Any CPU
		{B9BCEA0A-323C-4704-82F0-7C5E1E9754F9}.Debug|Any CPU.ActiveCfg = Debug|Any CPU
		{B9BCEA0A-323C-4704-82F0-7C5E1E9754F9}.Debug|Any CPU.Build.0 = Debug|Any CPU
		{B9BCEA0A-323C-4704-82F0-7C5E1E9754F9}.Debug|ARM.ActiveCfg = Debug|Any CPU
		{B9BCEA0A-323C-4704-82F0-7C5E1E9754F9}.Debug|ARM.Build.0 = Debug|Any CPU
		{B9BCEA0A-323C-4704-82F0-7C5E1E9754F9}.Debug|ARM64.ActiveCfg = Debug|Any CPU
		{B9BCEA0A-323C-4704-82F0-7C5E1E9754F9}.Debug|ARM64.Build.0 = Debug|Any CPU
		{B9BCEA0A-323C-4704-82F0-7C5E1E9754F9}.Debug|iPhone.ActiveCfg = Debug|Any CPU
		{B9BCEA0A-323C-4704-82F0-7C5E1E9754F9}.Debug|iPhone.Build.0 = Debug|Any CPU
		{B9BCEA0A-323C-4704-82F0-7C5E1E9754F9}.Debug|iPhoneSimulator.ActiveCfg = Debug|Any CPU
		{B9BCEA0A-323C-4704-82F0-7C5E1E9754F9}.Debug|iPhoneSimulator.Build.0 = Debug|Any CPU
		{B9BCEA0A-323C-4704-82F0-7C5E1E9754F9}.Debug|x64.ActiveCfg = Debug|Any CPU
		{B9BCEA0A-323C-4704-82F0-7C5E1E9754F9}.Debug|x64.Build.0 = Debug|Any CPU
		{B9BCEA0A-323C-4704-82F0-7C5E1E9754F9}.Debug|x86.ActiveCfg = Debug|Any CPU
		{B9BCEA0A-323C-4704-82F0-7C5E1E9754F9}.Debug|x86.Build.0 = Debug|Any CPU
		{B9BCEA0A-323C-4704-82F0-7C5E1E9754F9}.Release|Any CPU.ActiveCfg = Release|Any CPU
		{B9BCEA0A-323C-4704-82F0-7C5E1E9754F9}.Release|Any CPU.Build.0 = Release|Any CPU
		{B9BCEA0A-323C-4704-82F0-7C5E1E9754F9}.Release|ARM.ActiveCfg = Release|Any CPU
		{B9BCEA0A-323C-4704-82F0-7C5E1E9754F9}.Release|ARM.Build.0 = Release|Any CPU
		{B9BCEA0A-323C-4704-82F0-7C5E1E9754F9}.Release|ARM64.ActiveCfg = Release|Any CPU
		{B9BCEA0A-323C-4704-82F0-7C5E1E9754F9}.Release|ARM64.Build.0 = Release|Any CPU
		{B9BCEA0A-323C-4704-82F0-7C5E1E9754F9}.Release|iPhone.ActiveCfg = Release|Any CPU
		{B9BCEA0A-323C-4704-82F0-7C5E1E9754F9}.Release|iPhone.Build.0 = Release|Any CPU
		{B9BCEA0A-323C-4704-82F0-7C5E1E9754F9}.Release|iPhoneSimulator.ActiveCfg = Release|Any CPU
		{B9BCEA0A-323C-4704-82F0-7C5E1E9754F9}.Release|iPhoneSimulator.Build.0 = Release|Any CPU
		{B9BCEA0A-323C-4704-82F0-7C5E1E9754F9}.Release|x64.ActiveCfg = Release|Any CPU
		{B9BCEA0A-323C-4704-82F0-7C5E1E9754F9}.Release|x64.Build.0 = Release|Any CPU
		{B9BCEA0A-323C-4704-82F0-7C5E1E9754F9}.Release|x86.ActiveCfg = Release|Any CPU
		{B9BCEA0A-323C-4704-82F0-7C5E1E9754F9}.Release|x86.Build.0 = Release|Any CPU
		{9D06CCCA-E937-4997-931B-1A1460E10F58}.Ad-Hoc|Any CPU.ActiveCfg = Release|Any CPU
		{9D06CCCA-E937-4997-931B-1A1460E10F58}.Ad-Hoc|Any CPU.Build.0 = Release|Any CPU
		{9D06CCCA-E937-4997-931B-1A1460E10F58}.Ad-Hoc|ARM.ActiveCfg = Release|Any CPU
		{9D06CCCA-E937-4997-931B-1A1460E10F58}.Ad-Hoc|ARM.Build.0 = Release|Any CPU
		{9D06CCCA-E937-4997-931B-1A1460E10F58}.Ad-Hoc|ARM64.ActiveCfg = Release|Any CPU
		{9D06CCCA-E937-4997-931B-1A1460E10F58}.Ad-Hoc|ARM64.Build.0 = Release|Any CPU
		{9D06CCCA-E937-4997-931B-1A1460E10F58}.Ad-Hoc|iPhone.ActiveCfg = Release|Any CPU
		{9D06CCCA-E937-4997-931B-1A1460E10F58}.Ad-Hoc|iPhone.Build.0 = Release|Any CPU
		{9D06CCCA-E937-4997-931B-1A1460E10F58}.Ad-Hoc|iPhoneSimulator.ActiveCfg = Release|Any CPU
		{9D06CCCA-E937-4997-931B-1A1460E10F58}.Ad-Hoc|iPhoneSimulator.Build.0 = Release|Any CPU
		{9D06CCCA-E937-4997-931B-1A1460E10F58}.Ad-Hoc|x64.ActiveCfg = Release|Any CPU
		{9D06CCCA-E937-4997-931B-1A1460E10F58}.Ad-Hoc|x64.Build.0 = Release|Any CPU
		{9D06CCCA-E937-4997-931B-1A1460E10F58}.Ad-Hoc|x86.ActiveCfg = Release|Any CPU
		{9D06CCCA-E937-4997-931B-1A1460E10F58}.Ad-Hoc|x86.Build.0 = Release|Any CPU
		{9D06CCCA-E937-4997-931B-1A1460E10F58}.AppStore|Any CPU.ActiveCfg = Release|Any CPU
		{9D06CCCA-E937-4997-931B-1A1460E10F58}.AppStore|Any CPU.Build.0 = Release|Any CPU
		{9D06CCCA-E937-4997-931B-1A1460E10F58}.AppStore|ARM.ActiveCfg = Release|Any CPU
		{9D06CCCA-E937-4997-931B-1A1460E10F58}.AppStore|ARM.Build.0 = Release|Any CPU
		{9D06CCCA-E937-4997-931B-1A1460E10F58}.AppStore|ARM64.ActiveCfg = Release|Any CPU
		{9D06CCCA-E937-4997-931B-1A1460E10F58}.AppStore|ARM64.Build.0 = Release|Any CPU
		{9D06CCCA-E937-4997-931B-1A1460E10F58}.AppStore|iPhone.ActiveCfg = Release|Any CPU
		{9D06CCCA-E937-4997-931B-1A1460E10F58}.AppStore|iPhone.Build.0 = Release|Any CPU
		{9D06CCCA-E937-4997-931B-1A1460E10F58}.AppStore|iPhoneSimulator.ActiveCfg = Release|Any CPU
		{9D06CCCA-E937-4997-931B-1A1460E10F58}.AppStore|iPhoneSimulator.Build.0 = Release|Any CPU
		{9D06CCCA-E937-4997-931B-1A1460E10F58}.AppStore|x64.ActiveCfg = Release|Any CPU
		{9D06CCCA-E937-4997-931B-1A1460E10F58}.AppStore|x64.Build.0 = Release|Any CPU
		{9D06CCCA-E937-4997-931B-1A1460E10F58}.AppStore|x86.ActiveCfg = Release|Any CPU
		{9D06CCCA-E937-4997-931B-1A1460E10F58}.AppStore|x86.Build.0 = Release|Any CPU
		{9D06CCCA-E937-4997-931B-1A1460E10F58}.Debug|Any CPU.ActiveCfg = Debug|Any CPU
		{9D06CCCA-E937-4997-931B-1A1460E10F58}.Debug|Any CPU.Build.0 = Debug|Any CPU
		{9D06CCCA-E937-4997-931B-1A1460E10F58}.Debug|ARM.ActiveCfg = Debug|Any CPU
		{9D06CCCA-E937-4997-931B-1A1460E10F58}.Debug|ARM.Build.0 = Debug|Any CPU
		{9D06CCCA-E937-4997-931B-1A1460E10F58}.Debug|ARM64.ActiveCfg = Debug|Any CPU
		{9D06CCCA-E937-4997-931B-1A1460E10F58}.Debug|ARM64.Build.0 = Debug|Any CPU
		{9D06CCCA-E937-4997-931B-1A1460E10F58}.Debug|iPhone.ActiveCfg = Debug|Any CPU
		{9D06CCCA-E937-4997-931B-1A1460E10F58}.Debug|iPhone.Build.0 = Debug|Any CPU
		{9D06CCCA-E937-4997-931B-1A1460E10F58}.Debug|iPhoneSimulator.ActiveCfg = Debug|Any CPU
		{9D06CCCA-E937-4997-931B-1A1460E10F58}.Debug|iPhoneSimulator.Build.0 = Debug|Any CPU
		{9D06CCCA-E937-4997-931B-1A1460E10F58}.Debug|x64.ActiveCfg = Debug|Any CPU
		{9D06CCCA-E937-4997-931B-1A1460E10F58}.Debug|x64.Build.0 = Debug|Any CPU
		{9D06CCCA-E937-4997-931B-1A1460E10F58}.Debug|x86.ActiveCfg = Debug|Any CPU
		{9D06CCCA-E937-4997-931B-1A1460E10F58}.Debug|x86.Build.0 = Debug|Any CPU
		{9D06CCCA-E937-4997-931B-1A1460E10F58}.Release|Any CPU.ActiveCfg = Release|Any CPU
		{9D06CCCA-E937-4997-931B-1A1460E10F58}.Release|Any CPU.Build.0 = Release|Any CPU
		{9D06CCCA-E937-4997-931B-1A1460E10F58}.Release|ARM.ActiveCfg = Release|Any CPU
		{9D06CCCA-E937-4997-931B-1A1460E10F58}.Release|ARM.Build.0 = Release|Any CPU
		{9D06CCCA-E937-4997-931B-1A1460E10F58}.Release|ARM64.ActiveCfg = Release|Any CPU
		{9D06CCCA-E937-4997-931B-1A1460E10F58}.Release|ARM64.Build.0 = Release|Any CPU
		{9D06CCCA-E937-4997-931B-1A1460E10F58}.Release|iPhone.ActiveCfg = Release|Any CPU
		{9D06CCCA-E937-4997-931B-1A1460E10F58}.Release|iPhone.Build.0 = Release|Any CPU
		{9D06CCCA-E937-4997-931B-1A1460E10F58}.Release|iPhoneSimulator.ActiveCfg = Release|Any CPU
		{9D06CCCA-E937-4997-931B-1A1460E10F58}.Release|iPhoneSimulator.Build.0 = Release|Any CPU
		{9D06CCCA-E937-4997-931B-1A1460E10F58}.Release|x64.ActiveCfg = Release|Any CPU
		{9D06CCCA-E937-4997-931B-1A1460E10F58}.Release|x64.Build.0 = Release|Any CPU
		{9D06CCCA-E937-4997-931B-1A1460E10F58}.Release|x86.ActiveCfg = Release|Any CPU
		{9D06CCCA-E937-4997-931B-1A1460E10F58}.Release|x86.Build.0 = Release|Any CPU
		{28C1A7A1-81B5-4F67-8587-D75FE0B817F9}.Ad-Hoc|Any CPU.ActiveCfg = Release|Any CPU
		{28C1A7A1-81B5-4F67-8587-D75FE0B817F9}.Ad-Hoc|Any CPU.Build.0 = Release|Any CPU
		{28C1A7A1-81B5-4F67-8587-D75FE0B817F9}.Ad-Hoc|ARM.ActiveCfg = Release|Any CPU
		{28C1A7A1-81B5-4F67-8587-D75FE0B817F9}.Ad-Hoc|ARM.Build.0 = Release|Any CPU
		{28C1A7A1-81B5-4F67-8587-D75FE0B817F9}.Ad-Hoc|ARM64.ActiveCfg = Release|Any CPU
		{28C1A7A1-81B5-4F67-8587-D75FE0B817F9}.Ad-Hoc|ARM64.Build.0 = Release|Any CPU
		{28C1A7A1-81B5-4F67-8587-D75FE0B817F9}.Ad-Hoc|iPhone.ActiveCfg = Release|Any CPU
		{28C1A7A1-81B5-4F67-8587-D75FE0B817F9}.Ad-Hoc|iPhone.Build.0 = Release|Any CPU
		{28C1A7A1-81B5-4F67-8587-D75FE0B817F9}.Ad-Hoc|iPhoneSimulator.ActiveCfg = Release|Any CPU
		{28C1A7A1-81B5-4F67-8587-D75FE0B817F9}.Ad-Hoc|iPhoneSimulator.Build.0 = Release|Any CPU
		{28C1A7A1-81B5-4F67-8587-D75FE0B817F9}.Ad-Hoc|x64.ActiveCfg = Release|Any CPU
		{28C1A7A1-81B5-4F67-8587-D75FE0B817F9}.Ad-Hoc|x64.Build.0 = Release|Any CPU
		{28C1A7A1-81B5-4F67-8587-D75FE0B817F9}.Ad-Hoc|x86.ActiveCfg = Release|Any CPU
		{28C1A7A1-81B5-4F67-8587-D75FE0B817F9}.Ad-Hoc|x86.Build.0 = Release|Any CPU
		{28C1A7A1-81B5-4F67-8587-D75FE0B817F9}.AppStore|Any CPU.ActiveCfg = Release|Any CPU
		{28C1A7A1-81B5-4F67-8587-D75FE0B817F9}.AppStore|Any CPU.Build.0 = Release|Any CPU
		{28C1A7A1-81B5-4F67-8587-D75FE0B817F9}.AppStore|ARM.ActiveCfg = Release|Any CPU
		{28C1A7A1-81B5-4F67-8587-D75FE0B817F9}.AppStore|ARM.Build.0 = Release|Any CPU
		{28C1A7A1-81B5-4F67-8587-D75FE0B817F9}.AppStore|ARM64.ActiveCfg = Release|Any CPU
		{28C1A7A1-81B5-4F67-8587-D75FE0B817F9}.AppStore|ARM64.Build.0 = Release|Any CPU
		{28C1A7A1-81B5-4F67-8587-D75FE0B817F9}.AppStore|iPhone.ActiveCfg = Release|Any CPU
		{28C1A7A1-81B5-4F67-8587-D75FE0B817F9}.AppStore|iPhone.Build.0 = Release|Any CPU
		{28C1A7A1-81B5-4F67-8587-D75FE0B817F9}.AppStore|iPhoneSimulator.ActiveCfg = Release|Any CPU
		{28C1A7A1-81B5-4F67-8587-D75FE0B817F9}.AppStore|iPhoneSimulator.Build.0 = Release|Any CPU
		{28C1A7A1-81B5-4F67-8587-D75FE0B817F9}.AppStore|x64.ActiveCfg = Release|Any CPU
		{28C1A7A1-81B5-4F67-8587-D75FE0B817F9}.AppStore|x64.Build.0 = Release|Any CPU
		{28C1A7A1-81B5-4F67-8587-D75FE0B817F9}.AppStore|x86.ActiveCfg = Release|Any CPU
		{28C1A7A1-81B5-4F67-8587-D75FE0B817F9}.AppStore|x86.Build.0 = Release|Any CPU
		{28C1A7A1-81B5-4F67-8587-D75FE0B817F9}.Debug|Any CPU.ActiveCfg = Debug|Any CPU
		{28C1A7A1-81B5-4F67-8587-D75FE0B817F9}.Debug|Any CPU.Build.0 = Debug|Any CPU
		{28C1A7A1-81B5-4F67-8587-D75FE0B817F9}.Debug|ARM.ActiveCfg = Debug|Any CPU
		{28C1A7A1-81B5-4F67-8587-D75FE0B817F9}.Debug|ARM.Build.0 = Debug|Any CPU
		{28C1A7A1-81B5-4F67-8587-D75FE0B817F9}.Debug|ARM64.ActiveCfg = Debug|Any CPU
		{28C1A7A1-81B5-4F67-8587-D75FE0B817F9}.Debug|ARM64.Build.0 = Debug|Any CPU
		{28C1A7A1-81B5-4F67-8587-D75FE0B817F9}.Debug|iPhone.ActiveCfg = Debug|Any CPU
		{28C1A7A1-81B5-4F67-8587-D75FE0B817F9}.Debug|iPhone.Build.0 = Debug|Any CPU
		{28C1A7A1-81B5-4F67-8587-D75FE0B817F9}.Debug|iPhoneSimulator.ActiveCfg = Debug|Any CPU
		{28C1A7A1-81B5-4F67-8587-D75FE0B817F9}.Debug|iPhoneSimulator.Build.0 = Debug|Any CPU
		{28C1A7A1-81B5-4F67-8587-D75FE0B817F9}.Debug|x64.ActiveCfg = Debug|Any CPU
		{28C1A7A1-81B5-4F67-8587-D75FE0B817F9}.Debug|x64.Build.0 = Debug|Any CPU
		{28C1A7A1-81B5-4F67-8587-D75FE0B817F9}.Debug|x86.ActiveCfg = Debug|Any CPU
		{28C1A7A1-81B5-4F67-8587-D75FE0B817F9}.Debug|x86.Build.0 = Debug|Any CPU
		{28C1A7A1-81B5-4F67-8587-D75FE0B817F9}.Release|Any CPU.ActiveCfg = Release|Any CPU
		{28C1A7A1-81B5-4F67-8587-D75FE0B817F9}.Release|Any CPU.Build.0 = Release|Any CPU
		{28C1A7A1-81B5-4F67-8587-D75FE0B817F9}.Release|ARM.ActiveCfg = Release|Any CPU
		{28C1A7A1-81B5-4F67-8587-D75FE0B817F9}.Release|ARM.Build.0 = Release|Any CPU
		{28C1A7A1-81B5-4F67-8587-D75FE0B817F9}.Release|ARM64.ActiveCfg = Release|Any CPU
		{28C1A7A1-81B5-4F67-8587-D75FE0B817F9}.Release|ARM64.Build.0 = Release|Any CPU
		{28C1A7A1-81B5-4F67-8587-D75FE0B817F9}.Release|iPhone.ActiveCfg = Release|Any CPU
		{28C1A7A1-81B5-4F67-8587-D75FE0B817F9}.Release|iPhone.Build.0 = Release|Any CPU
		{28C1A7A1-81B5-4F67-8587-D75FE0B817F9}.Release|iPhoneSimulator.ActiveCfg = Release|Any CPU
		{28C1A7A1-81B5-4F67-8587-D75FE0B817F9}.Release|iPhoneSimulator.Build.0 = Release|Any CPU
		{28C1A7A1-81B5-4F67-8587-D75FE0B817F9}.Release|x64.ActiveCfg = Release|Any CPU
		{28C1A7A1-81B5-4F67-8587-D75FE0B817F9}.Release|x64.Build.0 = Release|Any CPU
		{28C1A7A1-81B5-4F67-8587-D75FE0B817F9}.Release|x86.ActiveCfg = Release|Any CPU
		{28C1A7A1-81B5-4F67-8587-D75FE0B817F9}.Release|x86.Build.0 = Release|Any CPU
	EndGlobalSection
	GlobalSection(SolutionProperties) = preSolution
		HideSolutionNode = FALSE
	EndGlobalSection
	GlobalSection(NestedProjects) = preSolution
		{2512E30C-CDB7-4710-91D2-0EE7976CB21B} = {DF62222A-22C6-4741-8043-847A7D2268DE}
		{C4B8979C-7919-488A-97CB-0535722B4A16} = {DF62222A-22C6-4741-8043-847A7D2268DE}
		{0608693C-EC76-4CD2-B648-5CC860DDE5E1} = {DF62222A-22C6-4741-8043-847A7D2268DE}
		{F1A3A0C6-5BE6-4025-A378-C8785873A753} = {DF62222A-22C6-4741-8043-847A7D2268DE}
		{DF140884-589F-4FF1-845A-83F777733278} = {DF62222A-22C6-4741-8043-847A7D2268DE}
		{B9BCEA0A-323C-4704-82F0-7C5E1E9754F9} = {DF62222A-22C6-4741-8043-847A7D2268DE}
		{9D06CCCA-E937-4997-931B-1A1460E10F58} = {DF62222A-22C6-4741-8043-847A7D2268DE}
		{28C1A7A1-81B5-4F67-8587-D75FE0B817F9} = {DF62222A-22C6-4741-8043-847A7D2268DE}
	EndGlobalSection
	GlobalSection(ExtensibilityGlobals) = postSolution
		SolutionGuid = {BBF63BCA-27CC-46D0-BE47-56794FAB057F}
	EndGlobalSection
EndGlobal
